
Microsoft Visual Studio Solution File, Format Version 12.00
# Visual Studio Version 17
VisualStudioVersion = 17.5.33424.131
MinimumVisualStudioVersion = 10.0.40219.1
Project("{9A19103F-16F7-4668-BE54-9A1E7A4F7556}") = "BlazorWebAsm.2048Game", "BlazorWebAsm.2048Game.csproj", "{ED7C66BB-EFD1-4B14-A989-DA09E2692C66}"
EndProject
Global
	GlobalSection(SolutionConfigurationPlatforms) = preSolution
		Debug|Any CPU = Debug|Any CPU
		Release|Any CPU = Release|Any CPU
	EndGlobalSection
	GlobalSection(ProjectConfigurationPlatforms) = postSolution
		{ED7C66BB-EFD1-4B14-A989-DA09E2692C66}.Debug|Any CPU.ActiveCfg = Debug|Any CPU
		{ED7C66BB-EFD1-4B14-A989-DA09E2692C66}.Debug|Any CPU.Build.0 = Debug|Any CPU
		{ED7C66BB-EFD1-4B14-A989-DA09E2692C66}.Release|Any CPU.ActiveCfg = Release|Any CPU
		{ED7C66BB-EFD1-4B14-A989-DA09E2692C66}.Release|Any CPU.Build.0 = Release|Any CPU
	EndGlobalSection
	GlobalSection(SolutionProperties) = preSolution
		HideSolutionNode = FALSE
	EndGlobalSection
	GlobalSection(ExtensibilityGlobals) = postSolution
		SolutionGuid = {D4B86200-74ED-4389-9C49-9C0F56005216}
	EndGlobalSection
EndGlobal
